
Microsoft Visual Studio Solution File, Format Version 12.00
# Visual Studio Version 16
VisualStudioVersion = 25.0.1706.13
MinimumVisualStudioVersion = 10.0.40219.1
Project("{FAE04EC0-301F-11D3-BF4B-00C04F79EFBC}") = "EventManagement.Tests", "EventManagement.Tests.csproj", "{E583BE98-9CE0-4BC4-8883-F9EEC4E94BCF}"
EndProject
Global
	GlobalSection(SolutionConfigurationPlatforms) = preSolution
		Debug|Any CPU = Debug|Any CPU
		Release|Any CPU = Release|Any CPU
	EndGlobalSection
	GlobalSection(ProjectConfigurationPlatforms) = postSolution
		{E583BE98-9CE0-4BC4-8883-F9EEC4E94BCF}.Debug|Any CPU.ActiveCfg = Debug|Any CPU
		{E583BE98-9CE0-4BC4-8883-F9EEC4E94BCF}.Debug|Any CPU.Build.0 = Debug|Any CPU
		{E583BE98-9CE0-4BC4-8883-F9EEC4E94BCF}.Release|Any CPU.ActiveCfg = Release|Any CPU
		{E583BE98-9CE0-4BC4-8883-F9EEC4E94BCF}.Release|Any CPU.Build.0 = Release|Any CPU
	EndGlobalSection
	GlobalSection(SolutionProperties) = preSolution
		HideSolutionNode = FALSE
	EndGlobalSection
	GlobalSection(ExtensibilityGlobals) = postSolution
		SolutionGuid = {5E7D5EAD-F2A7-4DFE-975C-287D856168D6}
	EndGlobalSection
EndGlobal
